// !$*UTF8*$!
{
	archiveVersion = 1;
	classes = {
	};
	objectVersion = 56;
	objects = {

/* Begin PBXBuildFile section */
		B65E720F2AD3F9390027986E /* AppDelegate.swift in Sources */ = {isa = PBXBuildFile; fileRef = B65E720E2AD3F9390027986E /* AppDelegate.swift */; };
		B65E72112AD3F9390027986E /* SceneDelegate.swift in Sources */ = {isa = PBXBuildFile; fileRef = B65E72102AD3F9390027986E /* SceneDelegate.swift */; };
		B65E72132AD3F9390027986E /* HomeVC.swift in Sources */ = {isa = PBXBuildFile; fileRef = B65E72122AD3F9390027986E /* HomeVC.swift */; };
		B65E72182AD3F93B0027986E /* Assets.xcassets in Resources */ = {isa = PBXBuildFile; fileRef = B65E72172AD3F93B0027986E /* Assets.xcassets */; };
		B65E721B2AD3F93B0027986E /* LaunchScreen.storyboard in Resources */ = {isa = PBXBuildFile; fileRef = B65E72192AD3F93B0027986E /* LaunchScreen.storyboard */; };
		B65E72242AD3F9B40027986E /* SnapKit in Frameworks */ = {isa = PBXBuildFile; productRef = B65E72232AD3F9B40027986E /* SnapKit */; };
		B65E72262AD3F9B40027986E /* SnapKit-Dynamic in Frameworks */ = {isa = PBXBuildFile; productRef = B65E72252AD3F9B40027986E /* SnapKit-Dynamic */; };
		B65E72282AD3FAEC0027986E /* MobileNetV2.mlmodel in Sources */ = {isa = PBXBuildFile; fileRef = B65E72272AD3FAEC0027986E /* MobileNetV2.mlmodel */; };
/* End PBXBuildFile section */

/* Begin PBXFileReference section */
		B65E720B2AD3F9390027986E /* ImgDetection.app */ = {isa = PBXFileReference; explicitFileType = wrapper.application; includeInIndex = 0; path = ImgDetection.app; sourceTree = BUILT_PRODUCTS_DIR; };
		B65E720E2AD3F9390027986E /* AppDelegate.swift */ = {isa = PBXFileReference; lastKnownFileType = sourcecode.swift; path = AppDelegate.swift; sourceTree = "<group>"; };
		B65E72102AD3F9390027986E /* SceneDelegate.swift */ = {isa = PBXFileReference; lastKnownFileType = sourcecode.swift; path = SceneDelegate.swift; sourceTree = "<group>"; };
		B65E72122AD3F9390027986E /* HomeVC.swift */ = {isa = PBXFileReference; lastKnownFileType = sourcecode.swift; path = HomeVC.swift; sourceTree = "<group>"; };
		B65E72172AD3F93B0027986E /* Assets.xcassets */ = {isa = PBXFileReference; lastKnownFileType = folder.assetcatalog; path = Assets.xcassets; sourceTree = "<group>"; };
		B65E721A2AD3F93B0027986E /* Base */ = {isa = PBXFileReference; lastKnownFileType = file.storyboard; name = Base; path = Base.lproj/LaunchScreen.storyboard; sourceTree = "<group>"; };
		B65E721C2AD3F93B0027986E /* Info.plist */ = {isa = PBXFileReference; lastKnownFileType = text.plist.xml; path = Info.plist; sourceTree = "<group>"; };
		B65E72272AD3FAEC0027986E /* MobileNetV2.mlmodel */ = {isa = PBXFileReference; lastKnownFileType = file.mlmodel; path = MobileNetV2.mlmodel; sourceTree = "<group>"; };
/* End PBXFileReference section */

/* Begin PBXFrameworksBuildPhase section */
		B65E72082AD3F9390027986E /* Frameworks */ = {
			isa = PBXFrameworksBuildPhase;
			buildActionMask = 2147483647;
			files = (
				B65E72242AD3F9B40027986E /* SnapKit in Frameworks */,
				B65E72262AD3F9B40027986E /* SnapKit-Dynamic in Frameworks */,
			);
			runOnlyForDeploymentPostprocessing = 0;
		};
/* End PBXFrameworksBuildPhase section */

/* Begin PBXGroup section */
		B65E72022AD3F9390027986E = {
			isa = PBXGroup;
			children = (
				B65E720D2AD3F9390027986E /* ImgDetection */,
				B65E720C2AD3F9390027986E /* Products */,
			);
			sourceTree = "<group>";
		};
		B65E720C2AD3F9390027986E /* Products */ = {
			isa = PBXGroup;
			children = (
				B65E720B2AD3F9390027986E /* ImgDetection.app */,
			);
			name = Products;
			sourceTree = "<group>";
		};
		B65E720D2AD3F9390027986E /* ImgDetection */ = {
			isa = PBXGroup;
			children = (
				B65E720E2AD3F9390027986E /* AppDelegate.swift */,
				B65E72102AD3F9390027986E /* SceneDelegate.swift */,
				B65E72122AD3F9390027986E /* HomeVC.swift */,
				B65E72172AD3F93B0027986E /* Assets.xcassets */,
				B65E72192AD3F93B0027986E /* LaunchScreen.storyboard */,
				B65E721C2AD3F93B0027986E /* Info.plist */,
				B65E72272AD3FAEC0027986E /* MobileNetV2.mlmodel */,
			);
			path = ImgDetection;
			sourceTree = "<group>";
		};
/* End PBXGroup section */

/* Begin PBXNativeTarget section */
		B65E720A2AD3F9390027986E /* ImgDetection */ = {
			isa = PBXNativeTarget;
			buildConfigurationList = B65E721F2AD3F93B0027986E /* Build configuration list for PBXNativeTarget "ImgDetection" */;
			buildPhases = (
				B65E72072AD3F9390027986E /* Sources */,
				B65E72082AD3F9390027986E /* Frameworks */,
				B65E72092AD3F9390027986E /* Resources */,
			);
			buildRules = (
			);
			dependencies = (
			);
			name = ImgDetection;
			packageProductDependencies = (
				B65E72232AD3F9B40027986E /* SnapKit */,
				B65E72252AD3F9B40027986E /* SnapKit-Dynamic */,
			);
			productName = ImgDetection;
			productReference = B65E720B2AD3F9390027986E /* ImgDetection.app */;
			productType = "com.apple.product-type.application";
		};
/* End PBXNativeTarget section */

/* Begin PBXProject section */
		B65E72032AD3F9390027986E /* Project object */ = {
			isa = PBXProject;
			attributes = {
				BuildIndependentTargetsInParallel = 1;
				LastSwiftUpdateCheck = 1500;
				LastUpgradeCheck = 1500;
				TargetAttributes = {
					B65E720A2AD3F9390027986E = {
						CreatedOnToolsVersion = 15.0;
					};
				};
			};
			buildConfigurationList = B65E72062AD3F9390027986E /* Build configuration list for PBXProject "ImgDetection" */;
			compatibilityVersion = "Xcode 14.0";
			developmentRegion = en;
			hasScannedForEncodings = 0;
			knownRegions = (
				en,
				Base,
			);
			mainGroup = B65E72022AD3F9390027986E;
			packageReferences = (
				B65E72222AD3F9B40027986E /* XCRemoteSwiftPackageReference "SnapKit" */,
			);
			productRefGroup = B65E720C2AD3F9390027986E /* Products */;
			projectDirPath = "";
			projectRoot = "";
			targets = (
				B65E720A2AD3F9390027986E /* ImgDetection */,
			);
		};
/* End PBXProject section */

/* Begin PBXResourcesBuildPhase section */
		B65E72092AD3F9390027986E /* Resources */ = {
			isa = PBXResourcesBuildPhase;
			buildActionMask = 2147483647;
			files = (
				B65E721B2AD3F93B0027986E /* LaunchScreen.storyboard in Resources */,
				B65E72182AD3F93B0027986E /* Assets.xcassets in Resources */,
			);
			runOnlyForDeploymentPostprocessing = 0;
		};
/* End PBXResourcesBuildPhase section */

/* Begin PBXSourcesBuildPhase section */
		B65E72072AD3F9390027986E /* Sources */ = {
			isa = PBXSourcesBuildPhase;
			buildActionMask = 2147483647;
			files = (
				B65E72132AD3F9390027986E /* HomeVC.swift in Sources */,
				B65E720F2AD3F9390027986E /* AppDelegate.swift in Sources */,
				B65E72282AD3FAEC0027986E /* MobileNetV2.mlmodel in Sources */,
				B65E72112AD3F9390027986E /* SceneDelegate.swift in Sources */,
			);
			runOnlyForDeploymentPostprocessing = 0;
		};
/* End PBXSourcesBuildPhase section */

/* Begin PBXVariantGroup section */
		B65E72192AD3F93B0027986E /* LaunchScreen.storyboard */ = {
			isa = PBXVariantGroup;
			children = (
				B65E721A2AD3F93B0027986E /* Base */,
			);
			name = LaunchScreen.storyboard;
			sourceTree = "<group>";
		};
/* End PBXVariantGroup section */

/* Begin XCBuildConfiguration section */
		B65E721D2AD3F93B0027986E /* Debug */ = {
			isa = XCBuildConfiguration;
			buildSettings = {
				ALWAYS_SEARCH_USER_PATHS = NO;
				ASSETCATALOG_COMPILER_GENERATE_SWIFT_ASSET_SYMBOL_EXTENSIONS = YES;
				CLANG_ANALYZER_NONNULL = YES;
				CLANG_ANALYZER_NUMBER_OBJECT_CONVERSION = YES_AGGRESSIVE;
				CLANG_CXX_LANGUAGE_STANDARD = "gnu++20";
				CLANG_ENABLE_MODULES = YES;
				CLANG_ENABLE_OBJC_ARC = YES;
				CLANG_ENABLE_OBJC_WEAK = YES;
				CLANG_WARN_BLOCK_CAPTURE_AUTORELEASING = YES;
				CLANG_WARN_BOOL_CONVERSION = YES;
				CLANG_WARN_COMMA = YES;
				CLANG_WARN_CONSTANT_CONVERSION = YES;
				CLANG_WARN_DEPRECATED_OBJC_IMPLEMENTATIONS = YES;
				CLANG_WARN_DIRECT_OBJC_ISA_USAGE = YES_ERROR;
				CLANG_WARN_DOCUMENTATION_COMMENTS = YES;
				CLANG_WARN_EMPTY_BODY = YES;
				CLANG_WARN_ENUM_CONVERSION = YES;
				CLANG_WARN_INFINITE_RECURSION = YES;
				CLANG_WARN_INT_CONVERSION = YES;
				CLANG_WARN_NON_LITERAL_NULL_CONVERSION = YES;
				CLANG_WARN_OBJC_IMPLICIT_RETAIN_SELF = YES;
				CLANG_WARN_OBJC_LITERAL_CONVERSION = YES;
				CLANG_WARN_OBJC_ROOT_CLASS = YES_ERROR;
				CLANG_WARN_QUOTED_INCLUDE_IN_FRAMEWORK_HEADER = YES;
				CLANG_WARN_RANGE_LOOP_ANALYSIS = YES;
				CLANG_WARN_STRICT_PROTOTYPES = YES;
				CLANG_WARN_SUSPICIOUS_MOVE = YES;
				CLANG_WARN_UNGUARDED_AVAILABILITY = YES_AGGRESSIVE;
				CLANG_WARN_UNREACHABLE_CODE = YES;
				CLANG_WARN__DUPLICATE_METHOD_MATCH = YES;
				COPY_PHASE_STRIP = NO;
				DEBUG_INFORMATION_FORMAT = dwarf;
				ENABLE_STRICT_OBJC_MSGSEND = YES;
				ENABLE_TESTABILITY = YES;
				ENABLE_USER_SCRIPT_SANDBOXING = YES;
				GCC_C_LANGUAGE_STANDARD = gnu17;
				GCC_DYNAMIC_NO_PIC = NO;
				GCC_NO_COMMON_BLOCKS = YES;
				GCC_OPTIMIZATION_LEVEL = 0;
				GCC_PREPROCESSOR_DEFINITIONS = (
					"DEBUG=1",
					"$(inherited)",
				);
				GCC_WARN_64_TO_32_BIT_CONVERSION = YES;
				GCC_WARN_ABOUT_RETURN_TYPE = YES_ERROR;
				GCC_WARN_UNDECLARED_SELECTOR = YES;
				GCC_WARN_UNINITIALIZED_AUTOS = YES_AGGRESSIVE;
				GCC_WARN_UNUSED_FUNCTION = YES;
				GCC_WARN_UNUSED_VARIABLE = YES;
				IPHONEOS_DEPLOYMENT_TARGET = 17.0;
				LOCALIZATION_PREFERS_STRING_CATALOGS = YES;
				MTL_ENABLE_DEBUG_INFO = INCLUDE_SOURCE;
				MTL_FAST_MATH = YES;
				ONLY_ACTIVE_ARCH = YES;
				SDKROOT = iphoneos;
				SWIFT_ACTIVE_COMPILATION_CONDITIONS = "DEBUG $(inherited)";
				SWIFT_OPTIMIZATION_LEVEL = "-Onone";
			};
			name = Debug;
		};
		B65E721E2AD3F93B0027986E /* Release */ = {
			isa = XCBuildConfiguration;
			buildSettings = {
				ALWAYS_SEARCH_USER_PATHS = NO;
				ASSETCATALOG_COMPILER_GENERATE_SWIFT_ASSET_SYMBOL_EXTENSIONS = YES;
				CLANG_ANALYZER_NONNULL = YES;
				CLANG_ANALYZER_NUMBER_OBJECT_CONVERSION = YES_AGGRESSIVE;
				CLANG_CXX_LANGUAGE_STANDARD = "gnu++20";
				CLANG_ENABLE_MODULES = YES;
				CLANG_ENABLE_OBJC_ARC = YES;
				CLANG_ENABLE_OBJC_WEAK = YES;
				CLANG_WARN_BLOCK_CAPTURE_AUTORELEASING = YES;
				CLANG_WARN_BOOL_CONVERSION = YES;
				CLANG_WARN_COMMA = YES;
				CLANG_WARN_CONSTANT_CONVERSION = YES;
				CLANG_WARN_DEPRECATED_OBJC_IMPLEMENTATIONS = YES;
				CLANG_WARN_DIRECT_OBJC_ISA_USAGE = YES_ERROR;
				CLANG_WARN_DOCUMENTATION_COMMENTS = YES;
				CLANG_WARN_EMPTY_BODY = YES;
				CLANG_WARN_ENUM_CONVERSION = YES;
				CLANG_WARN_INFINITE_RECURSION = YES;
				CLANG_WARN_INT_CONVERSION = YES;
				CLANG_WARN_NON_LITERAL_NULL_CONVERSION = YES;
				CLANG_WARN_OBJC_IMPLICIT_RETAIN_SELF = YES;
				CLANG_WARN_OBJC_LITERAL_CONVERSION = YES;
				CLANG_WARN_OBJC_ROOT_CLASS = YES_ERROR;
				CLANG_WARN_QUOTED_INCLUDE_IN_FRAMEWORK_HEADER = YES;
				CLANG_WARN_RANGE_LOOP_ANALYSIS = YES;
				CLANG_WARN_STRICT_PROTOTYPES = YES;
				CLANG_WARN_SUSPICIOUS_MOVE = YES;
				CLANG_WARN_UNGUARDED_AVAILABILITY = YES_AGGRESSIVE;
				CLANG_WARN_UNREACHABLE_CODE = YES;
				CLANG_WARN__DUPLICATE_METHOD_MATCH = YES;
				COPY_PHASE_STRIP = NO;
				DEBUG_INFORMATION_FORMAT = "dwarf-with-dsym";
				ENABLE_NS_ASSERTIONS = NO;
				ENABLE_STRICT_OBJC_MSGSEND = YES;
				ENABLE_USER_SCRIPT_SANDBOXING = YES;
				GCC_C_LANGUAGE_STANDARD = gnu17;
				GCC_NO_COMMON_BLOCKS = YES;
				GCC_WARN_64_TO_32_BIT_CONVERSION = YES;
				GCC_WARN_ABOUT_RETURN_TYPE = YES_ERROR;
				GCC_WARN_UNDECLARED_SELECTOR = YES;
				GCC_WARN_UNINITIALIZED_AUTOS = YES_AGGRESSIVE;
				GCC_WARN_UNUSED_FUNCTION = YES;
				GCC_WARN_UNUSED_VARIABLE = YES;
				IPHONEOS_DEPLOYMENT_TARGET = 17.0;
				LOCALIZATION_PREFERS_STRING_CATALOGS = YES;
				MTL_ENABLE_DEBUG_INFO = NO;
				MTL_FAST_MATH = YES;
				SDKROOT = iphoneos;
				SWIFT_COMPILATION_MODE = wholemodule;
				VALIDATE_PRODUCT = YES;
			};
			name = Release;
		};
		B65E72202AD3F93B0027986E /* Debug */ = {
			isa = XCBuildConfiguration;
			buildSettings = {
				ASSETCATALOG_COMPILER_APPICON_NAME = AppIcon;
				ASSETCATALOG_COMPILER_GLOBAL_ACCENT_COLOR_NAME = AccentColor;
				CODE_SIGN_STYLE = Automatic;
				CURRENT_PROJECT_VERSION = 1;
				DEVELOPMENT_TEAM = 795B9PM24U;
				GENERATE_INFOPLIST_FILE = YES;
				INFOPLIST_FILE = ImgDetection/Info.plist;
				INFOPLIST_KEY_UIApplicationSupportsIndirectInputEvents = YES;
				INFOPLIST_KEY_UILaunchStoryboardName = LaunchScreen;
				INFOPLIST_KEY_UISupportedInterfaceOrientations = UIInterfaceOrientationPortrait;
				LD_RUNPATH_SEARCH_PATHS = (
					"$(inherited)",
					"@executable_path/Frameworks",
				);
				MARKETING_VERSION = 1.0;
				PRODUCT_BUNDLE_IDENTIFIER = com.umut.ImgDetection;
				PRODUCT_NAME = "$(TARGET_NAME)";
				SWIFT_EMIT_LOC_STRINGS = YES;
				SWIFT_VERSION = 5.0;
				TARGETED_DEVICE_FAMILY = "1,2";
			};
			name = Debug;
		};
		B65E72212AD3F93B0027986E /* Release */ = {
			isa = XCBuildConfiguration;
			buildSettings = {
				ASSETCATALOG_COMPILER_APPICON_NAME = AppIcon;
				ASSETCATALOG_COMPILER_GLOBAL_ACCENT_COLOR_NAME = AccentColor;
				CODE_SIGN_STYLE = Automatic;
				CURRENT_PROJECT_VERSION = 1;
				DEVELOPMENT_TEAM = 795B9PM24U;
				GENERATE_INFOPLIST_FILE = YES;
				INFOPLIST_FILE = ImgDetection/Info.plist;
				INFOPLIST_KEY_UIApplicationSupportsIndirectInputEvents = YES;
				INFOPLIST_KEY_UILaunchStoryboardName = LaunchScreen;
				INFOPLIST_KEY_UISupportedInterfaceOrientations = UIInterfaceOrientationPortrait;
				LD_RUNPATH_SEARCH_PATHS = (
					"$(inherited)",
					"@executable_path/Frameworks",
				);
				MARKETING_VERSION = 1.0;
				PRODUCT_BUNDLE_IDENTIFIER = com.umut.ImgDetection;
				PRODUCT_NAME = "$(TARGET_NAME)";
				SWIFT_EMIT_LOC_STRINGS = YES;
				SWIFT_VERSION = 5.0;
				TARGETED_DEVICE_FAMILY = "1,2";
			};
			name = Release;
		};
/* End XCBuildConfiguration section */

/* Begin XCConfigurationList section */
		B65E72062AD3F9390027986E /* Build configuration list for PBXProject "ImgDetection" */ = {
			isa = XCConfigurationList;
			buildConfigurations = (
				B65E721D2AD3F93B0027986E /* Debug */,
				B65E721E2AD3F93B0027986E /* Release */,
			);
			defaultConfigurationIsVisible = 0;
			defaultConfigurationName = Release;
		};
		B65E721F2AD3F93B0027986E /* Build configuration list for PBXNativeTarget "ImgDetection" */ = {
			isa = XCConfigurationList;
			buildConfigurations = (
				B65E72202AD3F93B0027986E /* Debug */,
				B65E72212AD3F93B0027986E /* Release */,
			);
			defaultConfigurationIsVisible = 0;
			defaultConfigurationName = Release;
		};
/* End XCConfigurationList section */

/* Begin XCRemoteSwiftPackageReference section */
		B65E72222AD3F9B40027986E /* XCRemoteSwiftPackageReference "SnapKit" */ = {
			isa = XCRemoteSwiftPackageReference;
			repositoryURL = "https://github.com/SnapKit/SnapKit.git";
			requirement = {
				kind = upToNextMajorVersion;
				minimumVersion = 5.6.0;
			};
		};
/* End XCRemoteSwiftPackageReference section */

/* Begin XCSwiftPackageProductDependency section */
		B65E72232AD3F9B40027986E /* SnapKit */ = {
			isa = XCSwiftPackageProductDependency;
			package = B65E72222AD3F9B40027986E /* XCRemoteSwiftPackageReference "SnapKit" */;
			productName = SnapKit;
		};
		B65E72252AD3F9B40027986E /* SnapKit-Dynamic */ = {
			isa = XCSwiftPackageProductDependency;
			package = B65E72222AD3F9B40027986E /* XCRemoteSwiftPackageReference "SnapKit" */;
			productName = "SnapKit-Dynamic";
		};
/* End XCSwiftPackageProductDependency section */
	};
	rootObject = B65E72032AD3F9390027986E /* Project object */;
}
